{
  "name": "slappforge-sdk-redis",
  "version": "0.0.2",
  "lockfileVersion": 1,
  "requires": true,
  "dependencies": {
    "@types/node": {
      "version": "11.11.0",
      "resolved": "https://registry.npmjs.org/@types/node/-/node-11.11.0.tgz",
      "integrity": "sha512-D5Rt+HXgEywr3RQJcGlZUCTCx1qVbCZpVk3/tOOA6spLNZdGm8BU+zRgdRYDoF1pO3RuXLxADzMrF903JlQXqg=="
    },
    "@types/redis": {
      "version": "2.8.10",
      "resolved": "https://registry.npmjs.org/@types/redis/-/redis-2.8.10.tgz",
      "integrity": "sha512-X0NeV3ivoif2SPsmuPhwTkKfcr1fDJlaJIOyxZ9/TCIEbvzMzmZlstqCZ5r7AOolbOJtAfvuGArNXMexYYH3ng==",
      "requires": {
        "@types/node": "*"
      }
    },
    "async": {
      "version": "2.6.2",
      "resolved": "https://registry.npmjs.org/async/-/async-2.6.2.tgz",
      "integrity": "sha512-H1qVYh1MYhEEFLsP97cVKqCGo7KfCyTt6uEWqsTBr9SO84oK9Uwbyd/yCW+6rKJLHksBNUVWZDAjfS+Ccx0Bbg==",
      "requires": {
        "lodash": "^4.17.11"
      }
    },
    "double-ended-queue": {
      "version": "2.1.0-0",
      "resolved": "https://registry.npmjs.org/double-ended-queue/-/double-ended-queue-2.1.0-0.tgz",
      "integrity": "sha1-ED01J/0xUo9AGIEwyEHv3XgmTlw="
    },
    "lodash": {
      "version": "4.17.21",
      "resolved": "https://registry.npmjs.org/lodash/-/lodash-4.17.21.tgz",
      "integrity": "sha512-v2kDEe57lecTulaDIuNTPy3Ry4gLGJ6Z1O3vE1krgXZNrsQ+LFTGHVxVjcXPs17LhbZVGedAJv8XZ1tvj5FvSg=="
    },
    "redis": {
      "version": "2.8.0",
      "resolved": "https://registry.npmjs.org/redis/-/redis-2.8.0.tgz",
      "integrity": "sha512-M1OkonEQwtRmZv4tEWF2VgpG0JWJ8Fv1PhlgT5+B+uNq2cA3Rt1Yt/ryoR+vQNOQcIEgdCdfH0jr3bDpihAw1A==",
      "requires": {
        "double-ended-queue": "^2.1.0-0",
        "redis-commands": "^1.2.0",
        "redis-parser": "^2.6.0"
      }
    },
    "redis-commands": {
      "version": "1.4.0",
      "resolved": "https://registry.npmjs.org/redis-commands/-/redis-commands-1.4.0.tgz",
      "integrity": "sha512-cu8EF+MtkwI4DLIT0x9P8qNTLFhQD4jLfxLR0cCNkeGzs87FN6879JOJwNQR/1zD7aSYNbU0hgsV9zGY71Itvw=="
    },
    "redis-parser": {
      "version": "2.6.0",
      "resolved": "https://registry.npmjs.org/redis-parser/-/redis-parser-2.6.0.tgz",
      "integrity": "sha1-Uu0J2srBCPGmMcB+m2mUHnoZUEs="
    }
  }
}
